
Microsoft Visual Studio Solution File, Format Version 12.00
# Visual Studio Version 17
VisualStudioVersion = 17.8.34322.80
MinimumVisualStudioVersion = 10.0.40219.1
Project("{FAE04EC0-301F-11D3-BF4B-00C04F79EFBC}") = "ConcretaAPI", "ConcretaAPI\ConcretaAPI.csproj", "{35FF6D67-21E0-41F2-BB4B-9B6C47736C45}"
EndProject
Global
	GlobalSection(SolutionConfigurationPlatforms) = preSolution
		Debug|Any CPU = Debug|Any CPU
		Release|Any CPU = Release|Any CPU
	EndGlobalSection
	GlobalSection(ProjectConfigurationPlatforms) = postSolution
		{35FF6D67-21E0-41F2-BB4B-9B6C47736C45}.Debug|Any CPU.ActiveCfg = Debug|Any CPU
		{35FF6D67-21E0-41F2-BB4B-9B6C47736C45}.Debug|Any CPU.Build.0 = Debug|Any CPU
		{35FF6D67-21E0-41F2-BB4B-9B6C47736C45}.Release|Any CPU.ActiveCfg = Release|Any CPU
		{35FF6D67-21E0-41F2-BB4B-9B6C47736C45}.Release|Any CPU.Build.0 = Release|Any CPU
	EndGlobalSection
	GlobalSection(SolutionProperties) = preSolution
		HideSolutionNode = FALSE
	EndGlobalSection
	GlobalSection(ExtensibilityGlobals) = postSolution
		SolutionGuid = {344D4FE1-27C6-4657-83B9-283B258EA054}
	EndGlobalSection
EndGlobal
